
Microsoft Visual Studio Solution File, Format Version 12.00
# Visual Studio 15
Project("{FAE04EC0-301F-11D3-BF4B-00C04F79EFBC}") = "CargoController", "CargoController\CargoController.csproj", "{24DFC06D-7B33-4724-9E98-A9D88B25FFFB}"
EndProject
Global
	GlobalSection(SolutionConfigurationPlatforms) = preSolution
		Debug|Any CPU = Debug|Any CPU
		Release|Any CPU = Release|Any CPU
	EndGlobalSection
	GlobalSection(ProjectConfigurationPlatforms) = postSolution
		{24DFC06D-7B33-4724-9E98-A9D88B25FFFB}.Debug|Any CPU.ActiveCfg = Debug|Any CPU
		{24DFC06D-7B33-4724-9E98-A9D88B25FFFB}.Debug|Any CPU.Build.0 = Debug|Any CPU
		{24DFC06D-7B33-4724-9E98-A9D88B25FFFB}.Release|Any CPU.ActiveCfg = Release|Any CPU
		{24DFC06D-7B33-4724-9E98-A9D88B25FFFB}.Release|Any CPU.Build.0 = Release|Any CPU
	EndGlobalSection
	GlobalSection(MonoDevelopProperties) = preSolution
		Policies = $0
		$0.StandardHeader = $1
		$1.Text = @/*\n * CargoController - A mod for the game Sailwind\n * Copyright(C) 2023 Jacob Burbach (aka "JakeInABoat")\n *\n * This program is free software: you can redistribute it and/or modify it\n * under the terms of the GNU Lesser General Public License, version 3, as\n * published by the Free Software Foundation.\n *\n * This program is distributed in the hope that it will be useful,\n * but WITHOUT ANY WARRANTY; without even the implied warranty of\n * MERCHANTABILITY or FITNESS FOR A PARTICULAR PURPOSE.See the\n * GNU General Public License for more details.\n *\n * You should have received a copy of the GNU Lesser General Public License\n * along with this program.If not, see <https://www.gnu.org/licenses/>\n */
		$0.TextStylePolicy = $2
		$2.TabsToSpaces = True
		$2.EolMarker = Unix
		$2.scope = text/x-csharp
		$0.CSharpFormattingPolicy = $3
		$3.NewLinesForBracesInProperties = False
		$3.NewLinesForBracesInAccessors = False
		$3.NewLinesForBracesInAnonymousMethods = False
		$3.NewLinesForBracesInControlBlocks = False
		$3.NewLinesForBracesInAnonymousTypes = False
		$3.NewLinesForBracesInObjectCollectionArrayInitializers = False
		$3.NewLinesForBracesInLambdaExpressionBody = False
		$3.NewLineForMembersInObjectInit = False
		$3.NewLineForMembersInAnonymousTypes = False
		$3.NewLineForClausesInQuery = False
		$3.scope = text/x-csharp
		version = 0.2.0
	EndGlobalSection
EndGlobal
